// !$*UTF8*$!
{
	archiveVersion = 1;
	classes = {
	};
	objectVersion = 50;
	objects = {

/* Begin PBXBuildFile section */
		5110DB7620DBB5A400D3A409 /* Appkit-categories.swift in Sources */ = {isa = PBXBuildFile; fileRef = 5110DB7520DBB5A400D3A409 /* Appkit-categories.swift */; };
		5123E5402243BDA90079AA60 /* AnchorWindowVendor.swift in Sources */ = {isa = PBXBuildFile; fileRef = 5123E53F2243BDA90079AA60 /* AnchorWindowVendor.swift */; };
		5123E5432243C67E0079AA60 /* BBLSpaces.framework in Frameworks */ = {isa = PBXBuildFile; fileRef = 5123E5422243C67D0079AA60 /* BBLSpaces.framework */; };
		512B685B20DB0970006D54D1 /* SpaceChangeObserver.swift in Sources */ = {isa = PBXBuildFile; fileRef = 51AAC72A20DAE7760000CBE9 /* SpaceChangeObserver.swift */; };
		51402199224293A5006157A7 /* AnchorWindows.storyboard in Resources */ = {isa = PBXBuildFile; fileRef = 51402198224293A5006157A7 /* AnchorWindows.storyboard */; };
		51AAC70620DA79400000CBE9 /* SpaceSwitcher.h in Headers */ = {isa = PBXBuildFile; fileRef = 51AAC70420DA79400000CBE9 /* SpaceSwitcher.h */; settings = {ATTRIBUTES = (Public, ); }; };
		51AAC71620DA79B80000CBE9 /* AppDelegate.swift in Sources */ = {isa = PBXBuildFile; fileRef = 51AAC71520DA79B80000CBE9 /* AppDelegate.swift */; };
		51AAC71820DA79B80000CBE9 /* ViewController.swift in Sources */ = {isa = PBXBuildFile; fileRef = 51AAC71720DA79B80000CBE9 /* ViewController.swift */; };
		51AAC71A20DA79B90000CBE9 /* Assets.xcassets in Resources */ = {isa = PBXBuildFile; fileRef = 51AAC71920DA79B90000CBE9 /* Assets.xcassets */; };
		51AAC71D20DA79B90000CBE9 /* Main.storyboard in Resources */ = {isa = PBXBuildFile; fileRef = 51AAC71B20DA79B90000CBE9 /* Main.storyboard */; };
		51AAC72320DA79CD0000CBE9 /* SpaceSwitcher.framework in Frameworks */ = {isa = PBXBuildFile; fileRef = 51AAC70220DA79400000CBE9 /* SpaceSwitcher.framework */; };
		51AAC72420DA79CD0000CBE9 /* SpaceSwitcher.framework in Embed Frameworks */ = {isa = PBXBuildFile; fileRef = 51AAC70220DA79400000CBE9 /* SpaceSwitcher.framework */; settings = {ATTRIBUTES = (CodeSignOnCopy, RemoveHeadersOnCopy, ); }; };
		51AAC72920DA7A3A0000CBE9 /* AnchorWindowBasedSpaceSwitcher.swift in Sources */ = {isa = PBXBuildFile; fileRef = 51AAC72820DA7A3A0000CBE9 /* AnchorWindowBasedSpaceSwitcher.swift */; };
		51E9D30521B9AE0500231FC8 /* SpacesPrivateApiTool.swift in Sources */ = {isa = PBXBuildFile; fileRef = 51E9D30421B9AE0500231FC8 /* SpacesPrivateApiTool.swift */; };
		51E9D30721B9AE2A00231FC8 /* SpaceSwitcher.swift in Sources */ = {isa = PBXBuildFile; fileRef = 51E9D30621B9AE2A00231FC8 /* SpaceSwitcher.swift */; };
/* End PBXBuildFile section */

/* Begin PBXContainerItemProxy section */
		51AAC72520DA79CD0000CBE9 /* PBXContainerItemProxy */ = {
			isa = PBXContainerItemProxy;
			containerPortal = 51AAC6C320DA78D50000CBE9 /* Project object */;
			proxyType = 1;
			remoteGlobalIDString = 51AAC70120DA79400000CBE9;
			remoteInfo = SpaceSwitcher;
		};
/* End PBXContainerItemProxy section */

/* Begin PBXCopyFilesBuildPhase section */
		51AAC72720DA79CE0000CBE9 /* Embed Frameworks */ = {
			isa = PBXCopyFilesBuildPhase;
			buildActionMask = 2147483647;
			dstPath = "";
			dstSubfolderSpec = 10;
			files = (
				51AAC72420DA79CD0000CBE9 /* SpaceSwitcher.framework in Embed Frameworks */,
			);
			name = "Embed Frameworks";
			runOnlyForDeploymentPostprocessing = 0;
		};
/* End PBXCopyFilesBuildPhase section */

/* Begin PBXFileReference section */
		5110DB7520DBB5A400D3A409 /* Appkit-categories.swift */ = {isa = PBXFileReference; lastKnownFileType = sourcecode.swift; path = "Appkit-categories.swift"; sourceTree = "<group>"; };
		5123E53F2243BDA90079AA60 /* AnchorWindowVendor.swift */ = {isa = PBXFileReference; lastKnownFileType = sourcecode.swift; path = AnchorWindowVendor.swift; sourceTree = "<group>"; };
		5123E5422243C67D0079AA60 /* BBLSpaces.framework */ = {isa = PBXFileReference; lastKnownFileType = wrapper.framework; name = BBLSpaces.framework; path = Carthage/Build/Mac/BBLSpaces.framework; sourceTree = "<group>"; };
		512B685C20DB11E1006D54D1 /* README.md */ = {isa = PBXFileReference; lastKnownFileType = net.daringfireball.markdown; path = README.md; sourceTree = "<group>"; };
		51402198224293A5006157A7 /* AnchorWindows.storyboard */ = {isa = PBXFileReference; lastKnownFileType = file.storyboard; path = AnchorWindows.storyboard; sourceTree = "<group>"; };
		51AAC70220DA79400000CBE9 /* SpaceSwitcher.framework */ = {isa = PBXFileReference; explicitFileType = wrapper.framework; includeInIndex = 0; path = SpaceSwitcher.framework; sourceTree = BUILT_PRODUCTS_DIR; };
		51AAC70420DA79400000CBE9 /* SpaceSwitcher.h */ = {isa = PBXFileReference; lastKnownFileType = sourcecode.c.h; path = SpaceSwitcher.h; sourceTree = "<group>"; };
		51AAC70520DA79400000CBE9 /* Info.plist */ = {isa = PBXFileReference; lastKnownFileType = text.plist.xml; path = Info.plist; sourceTree = "<group>"; };
		51AAC71320DA79B80000CBE9 /* SpaceSwitcherDemo.app */ = {isa = PBXFileReference; explicitFileType = wrapper.application; includeInIndex = 0; path = SpaceSwitcherDemo.app; sourceTree = BUILT_PRODUCTS_DIR; };
		51AAC71520DA79B80000CBE9 /* AppDelegate.swift */ = {isa = PBXFileReference; lastKnownFileType = sourcecode.swift; path = AppDelegate.swift; sourceTree = "<group>"; };
		51AAC71720DA79B80000CBE9 /* ViewController.swift */ = {isa = PBXFileReference; lastKnownFileType = sourcecode.swift; path = ViewController.swift; sourceTree = "<group>"; };
		51AAC71920DA79B90000CBE9 /* Assets.xcassets */ = {isa = PBXFileReference; lastKnownFileType = folder.assetcatalog; path = Assets.xcassets; sourceTree = "<group>"; };
		51AAC71C20DA79B90000CBE9 /* Base */ = {isa = PBXFileReference; lastKnownFileType = file.storyboard; name = Base; path = Base.lproj/Main.storyboard; sourceTree = "<group>"; };
		51AAC71E20DA79B90000CBE9 /* Info.plist */ = {isa = PBXFileReference; lastKnownFileType = text.plist.xml; path = Info.plist; sourceTree = "<group>"; };
		51AAC71F20DA79B90000CBE9 /* SpaceSwitcherDemo.entitlements */ = {isa = PBXFileReference; lastKnownFileType = text.plist.entitlements; path = SpaceSwitcherDemo.entitlements; sourceTree = "<group>"; };
		51AAC72820DA7A3A0000CBE9 /* AnchorWindowBasedSpaceSwitcher.swift */ = {isa = PBXFileReference; lastKnownFileType = sourcecode.swift; path = AnchorWindowBasedSpaceSwitcher.swift; sourceTree = "<group>"; };
		51AAC72A20DAE7760000CBE9 /* SpaceChangeObserver.swift */ = {isa = PBXFileReference; lastKnownFileType = sourcecode.swift; path = SpaceChangeObserver.swift; sourceTree = "<group>"; };
		51E9D30421B9AE0500231FC8 /* SpacesPrivateApiTool.swift */ = {isa = PBXFileReference; lastKnownFileType = sourcecode.swift; path = SpacesPrivateApiTool.swift; sourceTree = "<group>"; };
		51E9D30621B9AE2A00231FC8 /* SpaceSwitcher.swift */ = {isa = PBXFileReference; lastKnownFileType = sourcecode.swift; path = SpaceSwitcher.swift; sourceTree = "<group>"; };
/* End PBXFileReference section */

/* Begin PBXFrameworksBuildPhase section */
		51AAC6FE20DA79400000CBE9 /* Frameworks */ = {
			isa = PBXFrameworksBuildPhase;
			buildActionMask = 2147483647;
			files = (
				5123E5432243C67E0079AA60 /* BBLSpaces.framework in Frameworks */,
			);
			runOnlyForDeploymentPostprocessing = 0;
		};
		51AAC71020DA79B80000CBE9 /* Frameworks */ = {
			isa = PBXFrameworksBuildPhase;
			buildActionMask = 2147483647;
			files = (
				51AAC72320DA79CD0000CBE9 /* SpaceSwitcher.framework in Frameworks */,
			);
			runOnlyForDeploymentPostprocessing = 0;
		};
/* End PBXFrameworksBuildPhase section */

/* Begin PBXGroup section */
		51AAC6C220DA78D50000CBE9 = {
			isa = PBXGroup;
			children = (
				512B685C20DB11E1006D54D1 /* README.md */,
				51AAC70320DA79400000CBE9 /* SpaceSwitcher */,
				51AAC71420DA79B80000CBE9 /* SpaceSwitcherDemo */,
				51AAC6CD20DA78D50000CBE9 /* Products */,
				51E9D30221B9889300231FC8 /* Frameworks */,
			);
			sourceTree = "<group>";
		};
		51AAC6CD20DA78D50000CBE9 /* Products */ = {
			isa = PBXGroup;
			children = (
				51AAC70220DA79400000CBE9 /* SpaceSwitcher.framework */,
				51AAC71320DA79B80000CBE9 /* SpaceSwitcherDemo.app */,
			);
			name = Products;
			sourceTree = "<group>";
		};
		51AAC70320DA79400000CBE9 /* SpaceSwitcher */ = {
			isa = PBXGroup;
			children = (
				51E9D30621B9AE2A00231FC8 /* SpaceSwitcher.swift */,
				51AAC72A20DAE7760000CBE9 /* SpaceChangeObserver.swift */,
				51AAC72820DA7A3A0000CBE9 /* AnchorWindowBasedSpaceSwitcher.swift */,
				51E9D30421B9AE0500231FC8 /* SpacesPrivateApiTool.swift */,
				5123E53F2243BDA90079AA60 /* AnchorWindowVendor.swift */,
				51AAC70420DA79400000CBE9 /* SpaceSwitcher.h */,
				51AAC70520DA79400000CBE9 /* Info.plist */,
				5110DB7520DBB5A400D3A409 /* Appkit-categories.swift */,
				51402198224293A5006157A7 /* AnchorWindows.storyboard */,
			);
			path = SpaceSwitcher;
			sourceTree = "<group>";
		};
		51AAC71420DA79B80000CBE9 /* SpaceSwitcherDemo */ = {
			isa = PBXGroup;
			children = (
				51AAC71520DA79B80000CBE9 /* AppDelegate.swift */,
				51AAC71720DA79B80000CBE9 /* ViewController.swift */,
				51AAC71920DA79B90000CBE9 /* Assets.xcassets */,
				51AAC71B20DA79B90000CBE9 /* Main.storyboard */,
				51AAC71E20DA79B90000CBE9 /* Info.plist */,
				51AAC71F20DA79B90000CBE9 /* SpaceSwitcherDemo.entitlements */,
			);
			path = SpaceSwitcherDemo;
			sourceTree = "<group>";
		};
		51E9D30221B9889300231FC8 /* Frameworks */ = {
			isa = PBXGroup;
			children = (
				5123E5422243C67D0079AA60 /* BBLSpaces.framework */,
			);
			name = Frameworks;
			sourceTree = "<group>";
		};
/* End PBXGroup section */

/* Begin PBXHeadersBuildPhase section */
		51AAC6FF20DA79400000CBE9 /* Headers */ = {
			isa = PBXHeadersBuildPhase;
			buildActionMask = 2147483647;
			files = (
				51AAC70620DA79400000CBE9 /* SpaceSwitcher.h in Headers */,
			);
			runOnlyForDeploymentPostprocessing = 0;
		};
/* End PBXHeadersBuildPhase section */

/* Begin PBXNativeTarget section */
		51AAC70120DA79400000CBE9 /* SpaceSwitcher */ = {
			isa = PBXNativeTarget;
			buildConfigurationList = 51AAC70B20DA79400000CBE9 /* Build configuration list for PBXNativeTarget "SpaceSwitcher" */;
			buildPhases = (
				51AAC6FD20DA79400000CBE9 /* Sources */,
				51AAC6FE20DA79400000CBE9 /* Frameworks */,
				51AAC6FF20DA79400000CBE9 /* Headers */,
				51AAC70020DA79400000CBE9 /* Resources */,
			);
			buildRules = (
			);
			dependencies = (
			);
			name = SpaceSwitcher;
			productName = SpaceSwitcher;
			productReference = 51AAC70220DA79400000CBE9 /* SpaceSwitcher.framework */;
			productType = "com.apple.product-type.framework";
		};
		51AAC71220DA79B80000CBE9 /* SpaceSwitcherDemo */ = {
			isa = PBXNativeTarget;
			buildConfigurationList = 51AAC72020DA79B90000CBE9 /* Build configuration list for PBXNativeTarget "SpaceSwitcherDemo" */;
			buildPhases = (
				51AAC70F20DA79B80000CBE9 /* Sources */,
				51AAC71020DA79B80000CBE9 /* Frameworks */,
				51AAC71120DA79B80000CBE9 /* Resources */,
				51AAC72720DA79CE0000CBE9 /* Embed Frameworks */,
			);
			buildRules = (
			);
			dependencies = (
				51AAC72620DA79CD0000CBE9 /* PBXTargetDependency */,
			);
			name = SpaceSwitcherDemo;
			productName = SpaceSwitcherDemo;
			productReference = 51AAC71320DA79B80000CBE9 /* SpaceSwitcherDemo.app */;
			productType = "com.apple.product-type.application";
		};
/* End PBXNativeTarget section */

/* Begin PBXProject section */
		51AAC6C320DA78D50000CBE9 /* Project object */ = {
			isa = PBXProject;
			attributes = {
				LastSwiftUpdateCheck = 0940;
				LastUpgradeCheck = 0940;
				ORGANIZATIONNAME = "Big Bear Labs";
				TargetAttributes = {
					51AAC70120DA79400000CBE9 = {
						CreatedOnToolsVersion = 9.4;
						LastSwiftMigration = 1020;
					};
					51AAC71220DA79B80000CBE9 = {
						CreatedOnToolsVersion = 9.4;
						LastSwiftMigration = 1010;
					};
				};
			};
			buildConfigurationList = 51AAC6C620DA78D50000CBE9 /* Build configuration list for PBXProject "SpaceSwitcher" */;
			compatibilityVersion = "Xcode 9.3";
			developmentRegion = en;
			hasScannedForEncodings = 0;
			knownRegions = (
				en,
				Base,
			);
			mainGroup = 51AAC6C220DA78D50000CBE9;
			productRefGroup = 51AAC6CD20DA78D50000CBE9 /* Products */;
			projectDirPath = "";
			projectRoot = "";
			targets = (
				51AAC70120DA79400000CBE9 /* SpaceSwitcher */,
				51AAC71220DA79B80000CBE9 /* SpaceSwitcherDemo */,
			);
		};
/* End PBXProject section */

/* Begin PBXResourcesBuildPhase section */
		51AAC70020DA79400000CBE9 /* Resources */ = {
			isa = PBXResourcesBuildPhase;
			buildActionMask = 2147483647;
			files = (
				51402199224293A5006157A7 /* AnchorWindows.storyboard in Resources */,
			);
			runOnlyForDeploymentPostprocessing = 0;
		};
		51AAC71120DA79B80000CBE9 /* Resources */ = {
			isa = PBXResourcesBuildPhase;
			buildActionMask = 2147483647;
			files = (
				51AAC71A20DA79B90000CBE9 /* Assets.xcassets in Resources */,
				51AAC71D20DA79B90000CBE9 /* Main.storyboard in Resources */,
			);
			runOnlyForDeploymentPostprocessing = 0;
		};
/* End PBXResourcesBuildPhase section */

/* Begin PBXSourcesBuildPhase section */
		51AAC6FD20DA79400000CBE9 /* Sources */ = {
			isa = PBXSourcesBuildPhase;
			buildActionMask = 2147483647;
			files = (
				5123E5402243BDA90079AA60 /* AnchorWindowVendor.swift in Sources */,
				512B685B20DB0970006D54D1 /* SpaceChangeObserver.swift in Sources */,
				5110DB7620DBB5A400D3A409 /* Appkit-categories.swift in Sources */,
				51E9D30721B9AE2A00231FC8 /* SpaceSwitcher.swift in Sources */,
				51E9D30521B9AE0500231FC8 /* SpacesPrivateApiTool.swift in Sources */,
				51AAC72920DA7A3A0000CBE9 /* AnchorWindowBasedSpaceSwitcher.swift in Sources */,
			);
			runOnlyForDeploymentPostprocessing = 0;
		};
		51AAC70F20DA79B80000CBE9 /* Sources */ = {
			isa = PBXSourcesBuildPhase;
			buildActionMask = 2147483647;
			files = (
				51AAC71820DA79B80000CBE9 /* ViewController.swift in Sources */,
				51AAC71620DA79B80000CBE9 /* AppDelegate.swift in Sources */,
			);
			runOnlyForDeploymentPostprocessing = 0;
		};
/* End PBXSourcesBuildPhase section */

/* Begin PBXTargetDependency section */
		51AAC72620DA79CD0000CBE9 /* PBXTargetDependency */ = {
			isa = PBXTargetDependency;
			target = 51AAC70120DA79400000CBE9 /* SpaceSwitcher */;
			targetProxy = 51AAC72520DA79CD0000CBE9 /* PBXContainerItemProxy */;
		};
/* End PBXTargetDependency section */

/* Begin PBXVariantGroup section */
		51AAC71B20DA79B90000CBE9 /* Main.storyboard */ = {
			isa = PBXVariantGroup;
			children = (
				51AAC71C20DA79B90000CBE9 /* Base */,
			);
			name = Main.storyboard;
			sourceTree = "<group>";
		};
/* End PBXVariantGroup section */

/* Begin XCBuildConfiguration section */
		51AAC6D220DA78D50000CBE9 /* Debug */ = {
			isa = XCBuildConfiguration;
			buildSettings = {
				ALWAYS_SEARCH_USER_PATHS = NO;
				CLANG_ANALYZER_NONNULL = YES;
				CLANG_ANALYZER_NUMBER_OBJECT_CONVERSION = YES_AGGRESSIVE;
				CLANG_CXX_LANGUAGE_STANDARD = "gnu++14";
				CLANG_CXX_LIBRARY = "libc++";
				CLANG_ENABLE_MODULES = YES;
				CLANG_ENABLE_OBJC_ARC = YES;
				CLANG_ENABLE_OBJC_WEAK = YES;
				CLANG_WARN_BLOCK_CAPTURE_AUTORELEASING = YES;
				CLANG_WARN_BOOL_CONVERSION = YES;
				CLANG_WARN_COMMA = YES;
				CLANG_WARN_CONSTANT_CONVERSION = YES;
				CLANG_WARN_DEPRECATED_OBJC_IMPLEMENTATIONS = YES;
				CLANG_WARN_DIRECT_OBJC_ISA_USAGE = YES_ERROR;
				CLANG_WARN_DOCUMENTATION_COMMENTS = YES;
				CLANG_WARN_EMPTY_BODY = YES;
				CLANG_WARN_ENUM_CONVERSION = YES;
				CLANG_WARN_INFINITE_RECURSION = YES;
				CLANG_WARN_INT_CONVERSION = YES;
				CLANG_WARN_NON_LITERAL_NULL_CONVERSION = YES;
				CLANG_WARN_OBJC_IMPLICIT_RETAIN_SELF = YES;
				CLANG_WARN_OBJC_LITERAL_CONVERSION = YES;
				CLANG_WARN_OBJC_ROOT_CLASS = YES_ERROR;
				CLANG_WARN_RANGE_LOOP_ANALYSIS = YES;
				CLANG_WARN_STRICT_PROTOTYPES = YES;
				CLANG_WARN_SUSPICIOUS_MOVE = YES;
				CLANG_WARN_UNGUARDED_AVAILABILITY = YES_AGGRESSIVE;
				CLANG_WARN_UNREACHABLE_CODE = YES;
				CLANG_WARN__DUPLICATE_METHOD_MATCH = YES;
				CODE_SIGN_IDENTITY = "Mac Developer";
				COPY_PHASE_STRIP = NO;
				CURRENT_PROJECT_VERSION = 1;
				DEBUG_INFORMATION_FORMAT = dwarf;
				ENABLE_STRICT_OBJC_MSGSEND = YES;
				ENABLE_TESTABILITY = YES;
				GCC_C_LANGUAGE_STANDARD = gnu11;
				GCC_DYNAMIC_NO_PIC = NO;
				GCC_NO_COMMON_BLOCKS = YES;
				GCC_OPTIMIZATION_LEVEL = 0;
				GCC_PREPROCESSOR_DEFINITIONS = (
					"DEBUG=1",
					"$(inherited)",
				);
				GCC_WARN_64_TO_32_BIT_CONVERSION = YES;
				GCC_WARN_ABOUT_RETURN_TYPE = YES_ERROR;
				GCC_WARN_UNDECLARED_SELECTOR = YES;
				GCC_WARN_UNINITIALIZED_AUTOS = YES_AGGRESSIVE;
				GCC_WARN_UNUSED_FUNCTION = YES;
				GCC_WARN_UNUSED_VARIABLE = YES;
				MACOSX_DEPLOYMENT_TARGET = 10.13;
				MTL_ENABLE_DEBUG_INFO = YES;
				ONLY_ACTIVE_ARCH = YES;
				SDKROOT = macosx;
				SWIFT_ACTIVE_COMPILATION_CONDITIONS = DEBUG;
				SWIFT_OPTIMIZATION_LEVEL = "-Onone";
				VERSIONING_SYSTEM = "apple-generic";
				VERSION_INFO_PREFIX = "";
			};
			name = Debug;
		};
		51AAC6D320DA78D50000CBE9 /* Release */ = {
			isa = XCBuildConfiguration;
			buildSettings = {
				ALWAYS_SEARCH_USER_PATHS = NO;
				CLANG_ANALYZER_NONNULL = YES;
				CLANG_ANALYZER_NUMBER_OBJECT_CONVERSION = YES_AGGRESSIVE;
				CLANG_CXX_LANGUAGE_STANDARD = "gnu++14";
				CLANG_CXX_LIBRARY = "libc++";
				CLANG_ENABLE_MODULES = YES;
				CLANG_ENABLE_OBJC_ARC = YES;
				CLANG_ENABLE_OBJC_WEAK = YES;
				CLANG_WARN_BLOCK_CAPTURE_AUTORELEASING = YES;
				CLANG_WARN_BOOL_CONVERSION = YES;
				CLANG_WARN_COMMA = YES;
				CLANG_WARN_CONSTANT_CONVERSION = YES;
				CLANG_WARN_DEPRECATED_OBJC_IMPLEMENTATIONS = YES;
				CLANG_WARN_DIRECT_OBJC_ISA_USAGE = YES_ERROR;
				CLANG_WARN_DOCUMENTATION_COMMENTS = YES;
				CLANG_WARN_EMPTY_BODY = YES;
				CLANG_WARN_ENUM_CONVERSION = YES;
				CLANG_WARN_INFINITE_RECURSION = YES;
				CLANG_WARN_INT_CONVERSION = YES;
				CLANG_WARN_NON_LITERAL_NULL_CONVERSION = YES;
				CLANG_WARN_OBJC_IMPLICIT_RETAIN_SELF = YES;
				CLANG_WARN_OBJC_LITERAL_CONVERSION = YES;
				CLANG_WARN_OBJC_ROOT_CLASS = YES_ERROR;
				CLANG_WARN_RANGE_LOOP_ANALYSIS = YES;
				CLANG_WARN_STRICT_PROTOTYPES = YES;
				CLANG_WARN_SUSPICIOUS_MOVE = YES;
				CLANG_WARN_UNGUARDED_AVAILABILITY = YES_AGGRESSIVE;
				CLANG_WARN_UNREACHABLE_CODE = YES;
				CLANG_WARN__DUPLICATE_METHOD_MATCH = YES;
				CODE_SIGN_IDENTITY = "Mac Developer";
				COPY_PHASE_STRIP = NO;
				CURRENT_PROJECT_VERSION = 1;
				DEBUG_INFORMATION_FORMAT = "dwarf-with-dsym";
				ENABLE_NS_ASSERTIONS = NO;
				ENABLE_STRICT_OBJC_MSGSEND = YES;
				GCC_C_LANGUAGE_STANDARD = gnu11;
				GCC_NO_COMMON_BLOCKS = YES;
				GCC_WARN_64_TO_32_BIT_CONVERSION = YES;
				GCC_WARN_ABOUT_RETURN_TYPE = YES_ERROR;
				GCC_WARN_UNDECLARED_SELECTOR = YES;
				GCC_WARN_UNINITIALIZED_AUTOS = YES_AGGRESSIVE;
				GCC_WARN_UNUSED_FUNCTION = YES;
				GCC_WARN_UNUSED_VARIABLE = YES;
				MACOSX_DEPLOYMENT_TARGET = 10.13;
				MTL_ENABLE_DEBUG_INFO = NO;
				SDKROOT = macosx;
				SWIFT_COMPILATION_MODE = wholemodule;
				SWIFT_OPTIMIZATION_LEVEL = "-O";
				VERSIONING_SYSTEM = "apple-generic";
				VERSION_INFO_PREFIX = "";
			};
			name = Release;
		};
		51AAC70C20DA79400000CBE9 /* Debug */ = {
			isa = XCBuildConfiguration;
			buildSettings = {
				CLANG_ENABLE_MODULES = YES;
				CODE_SIGN_IDENTITY = "";
				CODE_SIGN_STYLE = Automatic;
				COMBINE_HIDPI_IMAGES = YES;
				DEFINES_MODULE = YES;
				DEVELOPMENT_TEAM = XK44TD8U4S;
				DYLIB_COMPATIBILITY_VERSION = 1;
				DYLIB_CURRENT_VERSION = 1;
				DYLIB_INSTALL_NAME_BASE = "@rpath";
				FRAMEWORK_SEARCH_PATHS = (
					"$(inherited)",
					"$(PROJECT_DIR)/Carthage/Build/Mac",
				);
				FRAMEWORK_VERSION = A;
				INFOPLIST_FILE = SpaceSwitcher/Info.plist;
				INSTALL_PATH = "$(LOCAL_LIBRARY_DIR)/Frameworks";
				LD_RUNPATH_SEARCH_PATHS = (
					"$(inherited)",
					"@executable_path/../Frameworks",
					"@loader_path/Frameworks",
				);
				PRODUCT_BUNDLE_IDENTIFIER = com.bigbearlabs.SpaceSwitcher;
				PRODUCT_NAME = "$(TARGET_NAME:c99extidentifier)";
				SKIP_INSTALL = YES;
				SWIFT_OPTIMIZATION_LEVEL = "-Onone";
				SWIFT_VERSION = 5.0;
			};
			name = Debug;
		};
		51AAC70D20DA79400000CBE9 /* Release */ = {
			isa = XCBuildConfiguration;
			buildSettings = {
				CLANG_ENABLE_MODULES = YES;
				CODE_SIGN_IDENTITY = "";
				CODE_SIGN_STYLE = Automatic;
				COMBINE_HIDPI_IMAGES = YES;
				DEFINES_MODULE = YES;
				DEVELOPMENT_TEAM = XK44TD8U4S;
				DYLIB_COMPATIBILITY_VERSION = 1;
				DYLIB_CURRENT_VERSION = 1;
				DYLIB_INSTALL_NAME_BASE = "@rpath";
				FRAMEWORK_SEARCH_PATHS = (
					"$(inherited)",
					"$(PROJECT_DIR)/Carthage/Build/Mac",
				);
				FRAMEWORK_VERSION = A;
				INFOPLIST_FILE = SpaceSwitcher/Info.plist;
				INSTALL_PATH = "$(LOCAL_LIBRARY_DIR)/Frameworks";
				LD_RUNPATH_SEARCH_PATHS = (
					"$(inherited)",
					"@executable_path/../Frameworks",
					"@loader_path/Frameworks",
				);
				PRODUCT_BUNDLE_IDENTIFIER = com.bigbearlabs.SpaceSwitcher;
				PRODUCT_NAME = "$(TARGET_NAME:c99extidentifier)";
				SKIP_INSTALL = YES;
				SWIFT_VERSION = 5.0;
			};
			name = Release;
		};
		51AAC72120DA79B90000CBE9 /* Debug */ = {
			isa = XCBuildConfiguration;
			buildSettings = {
				ALWAYS_EMBED_SWIFT_STANDARD_LIBRARIES = YES;
				ASSETCATALOG_COMPILER_APPICON_NAME = AppIcon;
				CODE_SIGN_ENTITLEMENTS = SpaceSwitcherDemo/SpaceSwitcherDemo.entitlements;
				CODE_SIGN_STYLE = Automatic;
				COMBINE_HIDPI_IMAGES = YES;
				DEVELOPMENT_TEAM = XK44TD8U4S;
				INFOPLIST_FILE = SpaceSwitcherDemo/Info.plist;
				LD_RUNPATH_SEARCH_PATHS = (
					"$(inherited)",
					"@executable_path/../Frameworks",
				);
				PRODUCT_BUNDLE_IDENTIFIER = com.bigbearlabs.SpaceSwitcherDemo;
				PRODUCT_NAME = "$(TARGET_NAME)";
				SWIFT_VERSION = 4.2;
			};
			name = Debug;
		};
		51AAC72220DA79B90000CBE9 /* Release */ = {
			isa = XCBuildConfiguration;
			buildSettings = {
				ALWAYS_EMBED_SWIFT_STANDARD_LIBRARIES = YES;
				ASSETCATALOG_COMPILER_APPICON_NAME = AppIcon;
				CODE_SIGN_ENTITLEMENTS = SpaceSwitcherDemo/SpaceSwitcherDemo.entitlements;
				CODE_SIGN_STYLE = Automatic;
				COMBINE_HIDPI_IMAGES = YES;
				DEVELOPMENT_TEAM = XK44TD8U4S;
				INFOPLIST_FILE = SpaceSwitcherDemo/Info.plist;
				LD_RUNPATH_SEARCH_PATHS = (
					"$(inherited)",
					"@executable_path/../Frameworks",
				);
				PRODUCT_BUNDLE_IDENTIFIER = com.bigbearlabs.SpaceSwitcherDemo;
				PRODUCT_NAME = "$(TARGET_NAME)";
				SWIFT_VERSION = 4.2;
			};
			name = Release;
		};
/* End XCBuildConfiguration section */

/* Begin XCConfigurationList section */
		51AAC6C620DA78D50000CBE9 /* Build configuration list for PBXProject "SpaceSwitcher" */ = {
			isa = XCConfigurationList;
			buildConfigurations = (
				51AAC6D220DA78D50000CBE9 /* Debug */,
				51AAC6D320DA78D50000CBE9 /* Release */,
			);
			defaultConfigurationIsVisible = 0;
			defaultConfigurationName = Release;
		};
		51AAC70B20DA79400000CBE9 /* Build configuration list for PBXNativeTarget "SpaceSwitcher" */ = {
			isa = XCConfigurationList;
			buildConfigurations = (
				51AAC70C20DA79400000CBE9 /* Debug */,
				51AAC70D20DA79400000CBE9 /* Release */,
			);
			defaultConfigurationIsVisible = 0;
			defaultConfigurationName = Release;
		};
		51AAC72020DA79B90000CBE9 /* Build configuration list for PBXNativeTarget "SpaceSwitcherDemo" */ = {
			isa = XCConfigurationList;
			buildConfigurations = (
				51AAC72120DA79B90000CBE9 /* Debug */,
				51AAC72220DA79B90000CBE9 /* Release */,
			);
			defaultConfigurationIsVisible = 0;
			defaultConfigurationName = Release;
		};
/* End XCConfigurationList section */
	};
	rootObject = 51AAC6C320DA78D50000CBE9 /* Project object */;
}
